
Microsoft Visual Studio Solution File, Format Version 12.00
# Visual Studio Version 16
VisualStudioVersion = 16.0.30406.217
MinimumVisualStudioVersion = 10.0.40219.1
Project("{FAE04EC0-301F-11D3-BF4B-00C04F79EFBC}") = "AdventOfCode", "AdventOfCode\AdventOfCode.csproj", "{145D340C-E552-4442-ACF5-345E0C305C1A}"
EndProject
Global
	GlobalSection(SolutionConfigurationPlatforms) = preSolution
		Debug|Any CPU = Debug|Any CPU
		Release|Any CPU = Release|Any CPU
	EndGlobalSection
	GlobalSection(ProjectConfigurationPlatforms) = postSolution
		{145D340C-E552-4442-ACF5-345E0C305C1A}.Debug|Any CPU.ActiveCfg = Debug|Any CPU
		{145D340C-E552-4442-ACF5-345E0C305C1A}.Debug|Any CPU.Build.0 = Debug|Any CPU
		{145D340C-E552-4442-ACF5-345E0C305C1A}.Release|Any CPU.ActiveCfg = Release|Any CPU
		{145D340C-E552-4442-ACF5-345E0C305C1A}.Release|Any CPU.Build.0 = Release|Any CPU
	EndGlobalSection
	GlobalSection(SolutionProperties) = preSolution
		HideSolutionNode = FALSE
	EndGlobalSection
	GlobalSection(ExtensibilityGlobals) = postSolution
		SolutionGuid = {568DF155-0887-4095-9A80-D4CC4DB1AF88}
	EndGlobalSection
EndGlobal
